
Microsoft Visual Studio Solution File, Format Version 12.00
# Visual Studio Version 16
VisualStudioVersion = 16.0.31112.23
MinimumVisualStudioVersion = 10.0.40219.1
Project("{9A19103F-16F7-4668-BE54-9A1E7A4F7556}") = "MilionAndUp.Api.Property", "MilionAndUp.Api.Property\MilionAndUp.Api.Property.csproj", "{293A1EA9-3F51-4D96-A6DE-AD14E2BF62AF}"
EndProject
Project("{9A19103F-16F7-4668-BE54-9A1E7A4F7556}") = "MillionAndUp.Models", "MillionAndUp.Models\MillionAndUp.Models.csproj", "{58A186F3-3591-48A0-9487-4CC50AF01A66}"
EndProject
Project("{E53339B2-1760-4266-BCC7-CA923CBCF16C}") = "docker-compose", "docker-compose.dcproj", "{68911AAA-ACC0-4A02-A1B6-379BB1B750CF}"
EndProject
Project("{9A19103F-16F7-4668-BE54-9A1E7A4F7556}") = "MillionAndUp.Api.PropertyImages", "..\MillionAndUp.Api.PropertyImages\MillionAndUp.Api.PropertyImages.csproj", "{53AEA9A7-2FF1-4999-AB70-E6B0FD6F08FA}"
EndProject
Project("{9A19103F-16F7-4668-BE54-9A1E7A4F7556}") = "MillionAndUp.Api.Gateway", "..\MillionAndUp.Api.Gateway\MillionAndUp.Api.Gateway.csproj", "{6067C772-594C-45B3-98E0-4331C715CBAD}"
EndProject
Project("{FAE04EC0-301F-11D3-BF4B-00C04F79EFBC}") = "MillionAndUp.AuthServer", "MillionAndUp.AuthServer\MillionAndUp.AuthServer.csproj", "{2500EE2C-9793-4D16-9380-30BEB9AA3239}"
EndProject
Global
	GlobalSection(SolutionConfigurationPlatforms) = preSolution
		Debug|Any CPU = Debug|Any CPU
		Release|Any CPU = Release|Any CPU
	EndGlobalSection
	GlobalSection(ProjectConfigurationPlatforms) = postSolution
		{293A1EA9-3F51-4D96-A6DE-AD14E2BF62AF}.Debug|Any CPU.ActiveCfg = Debug|Any CPU
		{293A1EA9-3F51-4D96-A6DE-AD14E2BF62AF}.Debug|Any CPU.Build.0 = Debug|Any CPU
		{293A1EA9-3F51-4D96-A6DE-AD14E2BF62AF}.Release|Any CPU.ActiveCfg = Release|Any CPU
		{293A1EA9-3F51-4D96-A6DE-AD14E2BF62AF}.Release|Any CPU.Build.0 = Release|Any CPU
		{58A186F3-3591-48A0-9487-4CC50AF01A66}.Debug|Any CPU.ActiveCfg = Debug|Any CPU
		{58A186F3-3591-48A0-9487-4CC50AF01A66}.Debug|Any CPU.Build.0 = Debug|Any CPU
		{58A186F3-3591-48A0-9487-4CC50AF01A66}.Release|Any CPU.ActiveCfg = Release|Any CPU
		{58A186F3-3591-48A0-9487-4CC50AF01A66}.Release|Any CPU.Build.0 = Release|Any CPU
		{68911AAA-ACC0-4A02-A1B6-379BB1B750CF}.Debug|Any CPU.ActiveCfg = Debug|Any CPU
		{68911AAA-ACC0-4A02-A1B6-379BB1B750CF}.Debug|Any CPU.Build.0 = Debug|Any CPU
		{68911AAA-ACC0-4A02-A1B6-379BB1B750CF}.Release|Any CPU.ActiveCfg = Release|Any CPU
		{68911AAA-ACC0-4A02-A1B6-379BB1B750CF}.Release|Any CPU.Build.0 = Release|Any CPU
		{53AEA9A7-2FF1-4999-AB70-E6B0FD6F08FA}.Debug|Any CPU.ActiveCfg = Debug|Any CPU
		{53AEA9A7-2FF1-4999-AB70-E6B0FD6F08FA}.Debug|Any CPU.Build.0 = Debug|Any CPU
		{53AEA9A7-2FF1-4999-AB70-E6B0FD6F08FA}.Release|Any CPU.ActiveCfg = Release|Any CPU
		{53AEA9A7-2FF1-4999-AB70-E6B0FD6F08FA}.Release|Any CPU.Build.0 = Release|Any CPU
		{6067C772-594C-45B3-98E0-4331C715CBAD}.Debug|Any CPU.ActiveCfg = Debug|Any CPU
		{6067C772-594C-45B3-98E0-4331C715CBAD}.Debug|Any CPU.Build.0 = Debug|Any CPU
		{6067C772-594C-45B3-98E0-4331C715CBAD}.Release|Any CPU.ActiveCfg = Release|Any CPU
		{6067C772-594C-45B3-98E0-4331C715CBAD}.Release|Any CPU.Build.0 = Release|Any CPU
		{2500EE2C-9793-4D16-9380-30BEB9AA3239}.Debug|Any CPU.ActiveCfg = Debug|Any CPU
		{2500EE2C-9793-4D16-9380-30BEB9AA3239}.Debug|Any CPU.Build.0 = Debug|Any CPU
		{2500EE2C-9793-4D16-9380-30BEB9AA3239}.Release|Any CPU.ActiveCfg = Release|Any CPU
		{2500EE2C-9793-4D16-9380-30BEB9AA3239}.Release|Any CPU.Build.0 = Release|Any CPU
	EndGlobalSection
	GlobalSection(SolutionProperties) = preSolution
		HideSolutionNode = FALSE
	EndGlobalSection
	GlobalSection(ExtensibilityGlobals) = postSolution
		SolutionGuid = {1BB453A0-B594-4861-863E-64A1B5F0005B}
	EndGlobalSection
EndGlobal
